
Microsoft Visual Studio Solution File, Format Version 12.00
# Visual Studio Version 17
VisualStudioVersion = 17.2.32526.322
MinimumVisualStudioVersion = 10.0.40219.1
Project("{FAE04EC0-301F-11D3-BF4B-00C04F79EFBC}") = "AspControls", "AspControls\AspControls.csproj", "{6A09AACF-0F50-4899-861D-7FA0AD4BE9B8}"
EndProject
Global
	GlobalSection(SolutionConfigurationPlatforms) = preSolution
		Debug|Any CPU = Debug|Any CPU
		Release|Any CPU = Release|Any CPU
	EndGlobalSection
	GlobalSection(ProjectConfigurationPlatforms) = postSolution
		{6A09AACF-0F50-4899-861D-7FA0AD4BE9B8}.Debug|Any CPU.ActiveCfg = Debug|Any CPU
		{6A09AACF-0F50-4899-861D-7FA0AD4BE9B8}.Debug|Any CPU.Build.0 = Debug|Any CPU
		{6A09AACF-0F50-4899-861D-7FA0AD4BE9B8}.Release|Any CPU.ActiveCfg = Release|Any CPU
		{6A09AACF-0F50-4899-861D-7FA0AD4BE9B8}.Release|Any CPU.Build.0 = Release|Any CPU
	EndGlobalSection
	GlobalSection(SolutionProperties) = preSolution
		HideSolutionNode = FALSE
	EndGlobalSection
	GlobalSection(ExtensibilityGlobals) = postSolution
		SolutionGuid = {DD16BE0C-F376-430C-926A-BF76850B23D0}
	EndGlobalSection
EndGlobal
